
Microsoft Visual Studio Solution File, Format Version 12.00
# Visual Studio Version 17
VisualStudioVersion = 17.9.34723.18
MinimumVisualStudioVersion = 10.0.40219.1
Project("{FAE04EC0-301F-11D3-BF4B-00C04F79EFBC}") = "弹出C盘", "弹出C盘.csproj", "{7A1E89E6-D0E5-4392-B117-73743ED59CBC}"
EndProject
Global
	GlobalSection(SolutionConfigurationPlatforms) = preSolution
		Debug|Any CPU = Debug|Any CPU
		Release|Any CPU = Release|Any CPU
	EndGlobalSection
	GlobalSection(ProjectConfigurationPlatforms) = postSolution
		{7A1E89E6-D0E5-4392-B117-73743ED59CBC}.Debug|Any CPU.ActiveCfg = Release|Any CPU
		{7A1E89E6-D0E5-4392-B117-73743ED59CBC}.Debug|Any CPU.Build.0 = Release|Any CPU
		{7A1E89E6-D0E5-4392-B117-73743ED59CBC}.Release|Any CPU.ActiveCfg = Release|Any CPU
		{7A1E89E6-D0E5-4392-B117-73743ED59CBC}.Release|Any CPU.Build.0 = Release|Any CPU
	EndGlobalSection
	GlobalSection(SolutionProperties) = preSolution
		HideSolutionNode = FALSE
	EndGlobalSection
	GlobalSection(ExtensibilityGlobals) = postSolution
		SolutionGuid = {D91EB8BC-8506-4D6E-9496-724F3F5F7143}
	EndGlobalSection
EndGlobal
